Microsoft Visual Studio Solution File, Format Version 12.00
# Visual Studio Version 17
VisualStudioVersion = 17.5.2.0
MinimumVisualStudioVersion = 10.0.40219.1
Project("{FAE04EC0-301F-11D3-BF4B-00C04F79EFBC}") = "II_Shop", "II_Shop.csproj", "{D0347BFF-A355-0071-8C39-D55FCE52DEEE}"
EndProject
Global
	GlobalSection(SolutionConfigurationPlatforms) = preSolution
		Debug|Any CPU = Debug|Any CPU
		Release|Any CPU = Release|Any CPU
	EndGlobalSection
	GlobalSection(ProjectConfigurationPlatforms) = postSolution
		{D0347BFF-A355-0071-8C39-D55FCE52DEEE}.Debug|Any CPU.ActiveCfg = Debug|Any CPU
		{D0347BFF-A355-0071-8C39-D55FCE52DEEE}.Debug|Any CPU.Build.0 = Debug|Any CPU
		{D0347BFF-A355-0071-8C39-D55FCE52DEEE}.Release|Any CPU.ActiveCfg = Release|Any CPU
		{D0347BFF-A355-0071-8C39-D55FCE52DEEE}.Release|Any CPU.Build.0 = Release|Any CPU
	EndGlobalSection
	GlobalSection(SolutionProperties) = preSolution
		HideSolutionNode = FALSE
	EndGlobalSection
	GlobalSection(ExtensibilityGlobals) = postSolution
		SolutionGuid = {5C819318-2535-4AD5-953A-8A2AD208F15C}
	EndGlobalSection
EndGlobal
